
Microsoft Visual Studio Solution File, Format Version 12.00
# Visual Studio Version 17
VisualStudioVersion = 17.7.34202.233
MinimumVisualStudioVersion = 10.0.40219.1
Project("{54A90642-561A-4BB1-A94E-469ADEE60C69}") = "CrudeOilUI", "CrudeOilUI.esproj", "{17367089-79A5-4959-A193-BF4AB5DFA2CF}"
EndProject
Global
	GlobalSection(SolutionConfigurationPlatforms) = preSolution
		Debug|Any CPU = Debug|Any CPU
		Release|Any CPU = Release|Any CPU
	EndGlobalSection
	GlobalSection(ProjectConfigurationPlatforms) = postSolution
		{17367089-79A5-4959-A193-BF4AB5DFA2CF}.Debug|Any CPU.ActiveCfg = Debug|Any CPU
		{17367089-79A5-4959-A193-BF4AB5DFA2CF}.Debug|Any CPU.Build.0 = Debug|Any CPU
		{17367089-79A5-4959-A193-BF4AB5DFA2CF}.Debug|Any CPU.Deploy.0 = Debug|Any CPU
		{17367089-79A5-4959-A193-BF4AB5DFA2CF}.Release|Any CPU.ActiveCfg = Release|Any CPU
		{17367089-79A5-4959-A193-BF4AB5DFA2CF}.Release|Any CPU.Build.0 = Release|Any CPU
		{17367089-79A5-4959-A193-BF4AB5DFA2CF}.Release|Any CPU.Deploy.0 = Release|Any CPU
	EndGlobalSection
	GlobalSection(SolutionProperties) = preSolution
		HideSolutionNode = FALSE
	EndGlobalSection
	GlobalSection(ExtensibilityGlobals) = postSolution
		SolutionGuid = {1573AD71-C34B-4DF6-A7E9-71011D75AC8D}
	EndGlobalSection
EndGlobal
